// !$*UTF8*$!
{
	archiveVersion = 1;
	classes = {
	};
	objectVersion = 56;
	objects = {

/* Begin PBXBuildFile section */
		156FE6EC2B69C4980035E92B /* NavigationType.swift in Sources */ = {isa = PBXBuildFile; fileRef = 156FE6EB2B69C4980035E92B /* NavigationType.swift */; };
		157A2CFA2B68574300688AB3 /* Assets.xcassets in Resources */ = {isa = PBXBuildFile; fileRef = 157A2CF92B68574300688AB3 /* Assets.xcassets */; };
		157A2CFC2B68576200688AB3 /* Preview Assets.xcassets in Resources */ = {isa = PBXBuildFile; fileRef = 157A2CFB2B68576200688AB3 /* Preview Assets.xcassets */; };
		157A2D1B2B685AAC00688AB3 /* Product.swift in Sources */ = {isa = PBXBuildFile; fileRef = 157A2D1A2B685AAC00688AB3 /* Product.swift */; };
		C81E68712B649332005A8B9F /* ComprasUSAApp.swift in Sources */ = {isa = PBXBuildFile; fileRef = C81E68702B649332005A8B9F /* ComprasUSAApp.swift */; };
		C81E687F2B649712005A8B9F /* ShoppingListView.swift in Sources */ = {isa = PBXBuildFile; fileRef = C81E687E2B649712005A8B9F /* ShoppingListView.swift */; };
		C81E68812B649DBA005A8B9F /* MainView.swift in Sources */ = {isa = PBXBuildFile; fileRef = C81E68802B649DB9005A8B9F /* MainView.swift */; };
		C81E68832B64A232005A8B9F /* ShoppingFormView.swift in Sources */ = {isa = PBXBuildFile; fileRef = C81E68822B64A232005A8B9F /* ShoppingFormView.swift */; };
		C81E68852B65CBF2005A8B9F /* SettingsView.swift in Sources */ = {isa = PBXBuildFile; fileRef = C81E68842B65CBF2005A8B9F /* SettingsView.swift */; };
		C81E68872B65CE63005A8B9F /* SubtotalView.swift in Sources */ = {isa = PBXBuildFile; fileRef = C81E68862B65CE63005A8B9F /* SubtotalView.swift */; };
/* End PBXBuildFile section */

/* Begin PBXFileReference section */
		156FE6EB2B69C4980035E92B /* NavigationType.swift */ = {isa = PBXFileReference; lastKnownFileType = sourcecode.swift; path = NavigationType.swift; sourceTree = "<group>"; };
		157A2CF92B68574300688AB3 /* Assets.xcassets */ = {isa = PBXFileReference; lastKnownFileType = folder.assetcatalog; path = Assets.xcassets; sourceTree = "<group>"; };
		157A2CFB2B68576200688AB3 /* Preview Assets.xcassets */ = {isa = PBXFileReference; lastKnownFileType = folder.assetcatalog; path = "Preview Assets.xcassets"; sourceTree = SOURCE_ROOT; };
		157A2D1A2B685AAC00688AB3 /* Product.swift */ = {isa = PBXFileReference; lastKnownFileType = sourcecode.swift; path = Product.swift; sourceTree = "<group>"; };
		C81E686D2B649332005A8B9F /* ComprasUSA.app */ = {isa = PBXFileReference; explicitFileType = wrapper.application; includeInIndex = 0; path = ComprasUSA.app; sourceTree = BUILT_PRODUCTS_DIR; };
		C81E68702B649332005A8B9F /* ComprasUSAApp.swift */ = {isa = PBXFileReference; lastKnownFileType = sourcecode.swift; path = ComprasUSAApp.swift; sourceTree = "<group>"; };
		C81E687E2B649712005A8B9F /* ShoppingListView.swift */ = {isa = PBXFileReference; lastKnownFileType = sourcecode.swift; path = ShoppingListView.swift; sourceTree = "<group>"; };
		C81E68802B649DB9005A8B9F /* MainView.swift */ = {isa = PBXFileReference; lastKnownFileType = sourcecode.swift; path = MainView.swift; sourceTree = "<group>"; };
		C81E68822B64A232005A8B9F /* ShoppingFormView.swift */ = {isa = PBXFileReference; lastKnownFileType = sourcecode.swift; path = ShoppingFormView.swift; sourceTree = "<group>"; };
		C81E68842B65CBF2005A8B9F /* SettingsView.swift */ = {isa = PBXFileReference; lastKnownFileType = sourcecode.swift; path = SettingsView.swift; sourceTree = "<group>"; };
		C81E68862B65CE63005A8B9F /* SubtotalView.swift */ = {isa = PBXFileReference; lastKnownFileType = sourcecode.swift; path = SubtotalView.swift; sourceTree = "<group>"; };
/* End PBXFileReference section */

/* Begin PBXFrameworksBuildPhase section */
		C81E686A2B649332005A8B9F /* Frameworks */ = {
			isa = PBXFrameworksBuildPhase;
			buildActionMask = 2147483647;
			files = (
			);
			runOnlyForDeploymentPostprocessing = 0;
		};
/* End PBXFrameworksBuildPhase section */

/* Begin PBXGroup section */
		156FE6ED2B69C96F0035E92B /* List */ = {
			isa = PBXGroup;
			children = (
				156FE6EE2B69C97E0035E92B /* View */,
			);
			path = List;
			sourceTree = "<group>";
		};
		156FE6EE2B69C97E0035E92B /* View */ = {
			isa = PBXGroup;
			children = (
				C81E687E2B649712005A8B9F /* ShoppingListView.swift */,
			);
			path = View;
			sourceTree = "<group>";
		};
		156FE6F22B69CFA40035E92B /* Form */ = {
			isa = PBXGroup;
			children = (
				156FE6F42B69CFBA0035E92B /* View */,
			);
			path = Form;
			sourceTree = "<group>";
		};
		156FE6F42B69CFBA0035E92B /* View */ = {
			isa = PBXGroup;
			children = (
				C81E68822B64A232005A8B9F /* ShoppingFormView.swift */,
			);
			path = View;
			sourceTree = "<group>";
		};
		157A2D192B685A5000688AB3 /* Models */ = {
			isa = PBXGroup;
			children = (
				157A2D1A2B685AAC00688AB3 /* Product.swift */,
			);
			path = Models;
			sourceTree = "<group>";
		};
		159C2F362B6AF44900F07C29 /* TotalPurchase */ = {
			isa = PBXGroup;
			children = (
				C81E68862B65CE63005A8B9F /* SubtotalView.swift */,
			);
			path = TotalPurchase;
			sourceTree = "<group>";
		};
		C81E68642B649332005A8B9F = {
			isa = PBXGroup;
			children = (
				C81E686F2B649332005A8B9F /* ComprasUSA */,
				C81E686E2B649332005A8B9F /* Products */,
			);
			sourceTree = "<group>";
		};
		C81E686E2B649332005A8B9F /* Products */ = {
			isa = PBXGroup;
			children = (
				C81E686D2B649332005A8B9F /* ComprasUSA.app */,
			);
			name = Products;
			sourceTree = "<group>";
		};
		C81E686F2B649332005A8B9F /* ComprasUSA */ = {
			isa = PBXGroup;
			children = (
				159C2F362B6AF44900F07C29 /* TotalPurchase */,
				156FE6F22B69CFA40035E92B /* Form */,
				156FE6ED2B69C96F0035E92B /* List */,
				157A2D192B685A5000688AB3 /* Models */,
				157A2CF92B68574300688AB3 /* Assets.xcassets */,
				C81E68882B66E1BA005A8B9F /* Views */,
				C81E68702B649332005A8B9F /* ComprasUSAApp.swift */,
				C81E68762B649333005A8B9F /* Preview Content */,
				156FE6EB2B69C4980035E92B /* NavigationType.swift */,
			);
			name = ComprasUSA;
			sourceTree = "<group>";
		};
		C81E68762B649333005A8B9F /* Preview Content */ = {
			isa = PBXGroup;
			children = (
				157A2CFB2B68576200688AB3 /* Preview Assets.xcassets */,
			);
			path = "Preview Content";
			sourceTree = "<group>";
		};
		C81E68882B66E1BA005A8B9F /* Views */ = {
			isa = PBXGroup;
			children = (
				C81E68802B649DB9005A8B9F /* MainView.swift */,
				C81E68842B65CBF2005A8B9F /* SettingsView.swift */,
			);
			path = Views;
			sourceTree = "<group>";
		};
/* End PBXGroup section */

/* Begin PBXNativeTarget section */
		C81E686C2B649332005A8B9F /* ComprasUSA */ = {
			isa = PBXNativeTarget;
			buildConfigurationList = C81E687B2B649333005A8B9F /* Build configuration list for PBXNativeTarget "ComprasUSA" */;
			buildPhases = (
				C81E68692B649332005A8B9F /* Sources */,
				C81E686A2B649332005A8B9F /* Frameworks */,
				C81E686B2B649332005A8B9F /* Resources */,
			);
			buildRules = (
			);
			dependencies = (
			);
			name = ComprasUSA;
			productName = ComprasUSA;
			productReference = C81E686D2B649332005A8B9F /* ComprasUSA.app */;
			productType = "com.apple.product-type.application";
		};
/* End PBXNativeTarget section */

/* Begin PBXProject section */
		C81E68652B649332005A8B9F /* Project object */ = {
			isa = PBXProject;
			attributes = {
				BuildIndependentTargetsInParallel = 1;
				LastSwiftUpdateCheck = 1500;
				LastUpgradeCheck = 1500;
				TargetAttributes = {
					C81E686C2B649332005A8B9F = {
						CreatedOnToolsVersion = 15.0.1;
					};
				};
			};
			buildConfigurationList = C81E68682B649332005A8B9F /* Build configuration list for PBXProject "ComprasUSA" */;
			compatibilityVersion = "Xcode 14.0";
			developmentRegion = en;
			hasScannedForEncodings = 0;
			knownRegions = (
				en,
				Base,
			);
			mainGroup = C81E68642B649332005A8B9F;
			productRefGroup = C81E686E2B649332005A8B9F /* Products */;
			projectDirPath = "";
			projectRoot = "";
			targets = (
				C81E686C2B649332005A8B9F /* ComprasUSA */,
			);
		};
/* End PBXProject section */

/* Begin PBXResourcesBuildPhase section */
		C81E686B2B649332005A8B9F /* Resources */ = {
			isa = PBXResourcesBuildPhase;
			buildActionMask = 2147483647;
			files = (
				157A2CFA2B68574300688AB3 /* Assets.xcassets in Resources */,
				157A2CFC2B68576200688AB3 /* Preview Assets.xcassets in Resources */,
			);
			runOnlyForDeploymentPostprocessing = 0;
		};
/* End PBXResourcesBuildPhase section */

/* Begin PBXSourcesBuildPhase section */
		C81E68692B649332005A8B9F /* Sources */ = {
			isa = PBXSourcesBuildPhase;
			buildActionMask = 2147483647;
			files = (
				C81E68872B65CE63005A8B9F /* SubtotalView.swift in Sources */,
				156FE6EC2B69C4980035E92B /* NavigationType.swift in Sources */,
				C81E68852B65CBF2005A8B9F /* SettingsView.swift in Sources */,
				C81E68832B64A232005A8B9F /* ShoppingFormView.swift in Sources */,
				C81E687F2B649712005A8B9F /* ShoppingListView.swift in Sources */,
				C81E68812B649DBA005A8B9F /* MainView.swift in Sources */,
				C81E68712B649332005A8B9F /* ComprasUSAApp.swift in Sources */,
				157A2D1B2B685AAC00688AB3 /* Product.swift in Sources */,
			);
			runOnlyForDeploymentPostprocessing = 0;
		};
/* End PBXSourcesBuildPhase section */

/* Begin XCBuildConfiguration section */
		C81E68792B649333005A8B9F /* Debug */ = {
			isa = XCBuildConfiguration;
			buildSettings = {
				ALWAYS_SEARCH_USER_PATHS = NO;
				ASSETCATALOG_COMPILER_GENERATE_SWIFT_ASSET_SYMBOL_EXTENSIONS = YES;
				CLANG_ANALYZER_NONNULL = YES;
				CLANG_ANALYZER_NUMBER_OBJECT_CONVERSION = YES_AGGRESSIVE;
				CLANG_CXX_LANGUAGE_STANDARD = "gnu++20";
				CLANG_ENABLE_MODULES = YES;
				CLANG_ENABLE_OBJC_ARC = YES;
				CLANG_ENABLE_OBJC_WEAK = YES;
				CLANG_WARN_BLOCK_CAPTURE_AUTORELEASING = YES;
				CLANG_WARN_BOOL_CONVERSION = YES;
				CLANG_WARN_COMMA = YES;
				CLANG_WARN_CONSTANT_CONVERSION = YES;
				CLANG_WARN_DEPRECATED_OBJC_IMPLEMENTATIONS = YES;
				CLANG_WARN_DIRECT_OBJC_ISA_USAGE = YES_ERROR;
				CLANG_WARN_DOCUMENTATION_COMMENTS = YES;
				CLANG_WARN_EMPTY_BODY = YES;
				CLANG_WARN_ENUM_CONVERSION = YES;
				CLANG_WARN_INFINITE_RECURSION = YES;
				CLANG_WARN_INT_CONVERSION = YES;
				CLANG_WARN_NON_LITERAL_NULL_CONVERSION = YES;
				CLANG_WARN_OBJC_IMPLICIT_RETAIN_SELF = YES;
				CLANG_WARN_OBJC_LITERAL_CONVERSION = YES;
				CLANG_WARN_OBJC_ROOT_CLASS = YES_ERROR;
				CLANG_WARN_QUOTED_INCLUDE_IN_FRAMEWORK_HEADER = YES;
				CLANG_WARN_RANGE_LOOP_ANALYSIS = YES;
				CLANG_WARN_STRICT_PROTOTYPES = YES;
				CLANG_WARN_SUSPICIOUS_MOVE = YES;
				CLANG_WARN_UNGUARDED_AVAILABILITY = YES_AGGRESSIVE;
				CLANG_WARN_UNREACHABLE_CODE = YES;
				CLANG_WARN__DUPLICATE_METHOD_MATCH = YES;
				COPY_PHASE_STRIP = NO;
				DEBUG_INFORMATION_FORMAT = dwarf;
				ENABLE_STRICT_OBJC_MSGSEND = YES;
				ENABLE_TESTABILITY = YES;
				ENABLE_USER_SCRIPT_SANDBOXING = YES;
				GCC_C_LANGUAGE_STANDARD = gnu17;
				GCC_DYNAMIC_NO_PIC = NO;
				GCC_NO_COMMON_BLOCKS = YES;
				GCC_OPTIMIZATION_LEVEL = 0;
				GCC_PREPROCESSOR_DEFINITIONS = (
					"DEBUG=1",
					"$(inherited)",
				);
				GCC_WARN_64_TO_32_BIT_CONVERSION = YES;
				GCC_WARN_ABOUT_RETURN_TYPE = YES_ERROR;
				GCC_WARN_UNDECLARED_SELECTOR = YES;
				GCC_WARN_UNINITIALIZED_AUTOS = YES_AGGRESSIVE;
				GCC_WARN_UNUSED_FUNCTION = YES;
				GCC_WARN_UNUSED_VARIABLE = YES;
				IPHONEOS_DEPLOYMENT_TARGET = 17.0;
				LOCALIZATION_PREFERS_STRING_CATALOGS = YES;
				MTL_ENABLE_DEBUG_INFO = INCLUDE_SOURCE;
				MTL_FAST_MATH = YES;
				ONLY_ACTIVE_ARCH = YES;
				SDKROOT = iphoneos;
				SWIFT_ACTIVE_COMPILATION_CONDITIONS = "DEBUG $(inherited)";
				SWIFT_OPTIMIZATION_LEVEL = "-Onone";
			};
			name = Debug;
		};
		C81E687A2B649333005A8B9F /* Release */ = {
			isa = XCBuildConfiguration;
			buildSettings = {
				ALWAYS_SEARCH_USER_PATHS = NO;
				ASSETCATALOG_COMPILER_GENERATE_SWIFT_ASSET_SYMBOL_EXTENSIONS = YES;
				CLANG_ANALYZER_NONNULL = YES;
				CLANG_ANALYZER_NUMBER_OBJECT_CONVERSION = YES_AGGRESSIVE;
				CLANG_CXX_LANGUAGE_STANDARD = "gnu++20";
				CLANG_ENABLE_MODULES = YES;
				CLANG_ENABLE_OBJC_ARC = YES;
				CLANG_ENABLE_OBJC_WEAK = YES;
				CLANG_WARN_BLOCK_CAPTURE_AUTORELEASING = YES;
				CLANG_WARN_BOOL_CONVERSION = YES;
				CLANG_WARN_COMMA = YES;
				CLANG_WARN_CONSTANT_CONVERSION = YES;
				CLANG_WARN_DEPRECATED_OBJC_IMPLEMENTATIONS = YES;
				CLANG_WARN_DIRECT_OBJC_ISA_USAGE = YES_ERROR;
				CLANG_WARN_DOCUMENTATION_COMMENTS = YES;
				CLANG_WARN_EMPTY_BODY = YES;
				CLANG_WARN_ENUM_CONVERSION = YES;
				CLANG_WARN_INFINITE_RECURSION = YES;
				CLANG_WARN_INT_CONVERSION = YES;
				CLANG_WARN_NON_LITERAL_NULL_CONVERSION = YES;
				CLANG_WARN_OBJC_IMPLICIT_RETAIN_SELF = YES;
				CLANG_WARN_OBJC_LITERAL_CONVERSION = YES;
				CLANG_WARN_OBJC_ROOT_CLASS = YES_ERROR;
				CLANG_WARN_QUOTED_INCLUDE_IN_FRAMEWORK_HEADER = YES;
				CLANG_WARN_RANGE_LOOP_ANALYSIS = YES;
				CLANG_WARN_STRICT_PROTOTYPES = YES;
				CLANG_WARN_SUSPICIOUS_MOVE = YES;
				CLANG_WARN_UNGUARDED_AVAILABILITY = YES_AGGRESSIVE;
				CLANG_WARN_UNREACHABLE_CODE = YES;
				CLANG_WARN__DUPLICATE_METHOD_MATCH = YES;
				COPY_PHASE_STRIP = NO;
				DEBUG_INFORMATION_FORMAT = "dwarf-with-dsym";
				ENABLE_NS_ASSERTIONS = NO;
				ENABLE_STRICT_OBJC_MSGSEND = YES;
				ENABLE_USER_SCRIPT_SANDBOXING = YES;
				GCC_C_LANGUAGE_STANDARD = gnu17;
				GCC_NO_COMMON_BLOCKS = YES;
				GCC_WARN_64_TO_32_BIT_CONVERSION = YES;
				GCC_WARN_ABOUT_RETURN_TYPE = YES_ERROR;
				GCC_WARN_UNDECLARED_SELECTOR = YES;
				GCC_WARN_UNINITIALIZED_AUTOS = YES_AGGRESSIVE;
				GCC_WARN_UNUSED_FUNCTION = YES;
				GCC_WARN_UNUSED_VARIABLE = YES;
				IPHONEOS_DEPLOYMENT_TARGET = 17.0;
				LOCALIZATION_PREFERS_STRING_CATALOGS = YES;
				MTL_ENABLE_DEBUG_INFO = NO;
				MTL_FAST_MATH = YES;
				SDKROOT = iphoneos;
				SWIFT_COMPILATION_MODE = wholemodule;
				VALIDATE_PRODUCT = YES;
			};
			name = Release;
		};
		C81E687C2B649333005A8B9F /* Debug */ = {
			isa = XCBuildConfiguration;
			buildSettings = {
				ASSETCATALOG_COMPILER_APPICON_NAME = AppIcon;
				ASSETCATALOG_COMPILER_GLOBAL_ACCENT_COLOR_NAME = AccentColor;
				CODE_SIGN_STYLE = Automatic;
				CURRENT_PROJECT_VERSION = 1;
				ENABLE_PREVIEWS = YES;
				GENERATE_INFOPLIST_FILE = YES;
				INFOPLIST_KEY_CFBundleDisplayName = "Compras USA";
				INFOPLIST_KEY_UIApplicationSceneManifest_Generation = YES;
				INFOPLIST_KEY_UIApplicationSupportsIndirectInputEvents = YES;
				INFOPLIST_KEY_UILaunchScreen_Generation = YES;
				INFOPLIST_KEY_UISupportedInterfaceOrientations = UIInterfaceOrientationPortrait;
				INFOPLIST_KEY_UISupportedInterfaceOrientations_iPad = "UIInterfaceOrientationLandscapeLeft UIInterfaceOrientationLandscapeRight UIInterfaceOrientationPortrait UIInterfaceOrientationPortraitUpsideDown";
				LD_RUNPATH_SEARCH_PATHS = (
					"$(inherited)",
					"@executable_path/Frameworks",
				);
				MARKETING_VERSION = 1.0;
				PRODUCT_BUNDLE_IDENTIFIER = com.ViniciusT.ComprasUSA;
				PRODUCT_NAME = "$(TARGET_NAME)";
				SUPPORTED_PLATFORMS = "iphoneos iphonesimulator";
				SUPPORTS_MACCATALYST = NO;
				SUPPORTS_MAC_DESIGNED_FOR_IPHONE_IPAD = NO;
				SUPPORTS_XR_DESIGNED_FOR_IPHONE_IPAD = NO;
				SWIFT_EMIT_LOC_STRINGS = YES;
				SWIFT_VERSION = 5.0;
				TARGETED_DEVICE_FAMILY = 1;
			};
			name = Debug;
		};
		C81E687D2B649333005A8B9F /* Release */ = {
			isa = XCBuildConfiguration;
			buildSettings = {
				ASSETCATALOG_COMPILER_APPICON_NAME = AppIcon;
				ASSETCATALOG_COMPILER_GLOBAL_ACCENT_COLOR_NAME = AccentColor;
				CODE_SIGN_STYLE = Automatic;
				CURRENT_PROJECT_VERSION = 1;
				ENABLE_PREVIEWS = YES;
				GENERATE_INFOPLIST_FILE = YES;
				INFOPLIST_KEY_CFBundleDisplayName = "Compras USA";
				INFOPLIST_KEY_UIApplicationSceneManifest_Generation = YES;
				INFOPLIST_KEY_UIApplicationSupportsIndirectInputEvents = YES;
				INFOPLIST_KEY_UILaunchScreen_Generation = YES;
				INFOPLIST_KEY_UISupportedInterfaceOrientations = UIInterfaceOrientationPortrait;
				INFOPLIST_KEY_UISupportedInterfaceOrientations_iPad = "UIInterfaceOrientationLandscapeLeft UIInterfaceOrientationLandscapeRight UIInterfaceOrientationPortrait UIInterfaceOrientationPortraitUpsideDown";
				LD_RUNPATH_SEARCH_PATHS = (
					"$(inherited)",
					"@executable_path/Frameworks",
				);
				MARKETING_VERSION = 1.0;
				PRODUCT_BUNDLE_IDENTIFIER = com.ViniciusT.ComprasUSA;
				PRODUCT_NAME = "$(TARGET_NAME)";
				SUPPORTED_PLATFORMS = "iphoneos iphonesimulator";
				SUPPORTS_MACCATALYST = NO;
				SUPPORTS_MAC_DESIGNED_FOR_IPHONE_IPAD = NO;
				SUPPORTS_XR_DESIGNED_FOR_IPHONE_IPAD = NO;
				SWIFT_EMIT_LOC_STRINGS = YES;
				SWIFT_VERSION = 5.0;
				TARGETED_DEVICE_FAMILY = 1;
			};
			name = Release;
		};
/* End XCBuildConfiguration section */

/* Begin XCConfigurationList section */
		C81E68682B649332005A8B9F /* Build configuration list for PBXProject "ComprasUSA" */ = {
			isa = XCConfigurationList;
			buildConfigurations = (
				C81E68792B649333005A8B9F /* Debug */,
				C81E687A2B649333005A8B9F /* Release */,
			);
			defaultConfigurationIsVisible = 0;
			defaultConfigurationName = Release;
		};
		C81E687B2B649333005A8B9F /* Build configuration list for PBXNativeTarget "ComprasUSA" */ = {
			isa = XCConfigurationList;
			buildConfigurations = (
				C81E687C2B649333005A8B9F /* Debug */,
				C81E687D2B649333005A8B9F /* Release */,
			);
			defaultConfigurationIsVisible = 0;
			defaultConfigurationName = Release;
		};
/* End XCConfigurationList section */
	};
	rootObject = C81E68652B649332005A8B9F /* Project object */;
}
